// !$*UTF8*$!
{
	archiveVersion = 1;
	classes = {
	};
	objectVersion = 46;
	objects = {

/* Begin PBXGroup section */
		DA995364151B7BB70061CEB0 = {
			isa = PBXGroup;
			children = (
			);
			sourceTree = "<group>";
		};
/* End PBXGroup section */

/* Begin PBXProject section */
		DA995366151B7BB70061CEB0 /* Project object */ = {
			isa = PBXProject;
			attributes = {
				ORGANIZATIONNAME = nKey;
			};
			buildConfigurationList = DA995369151B7BB70061CEB0 /* Build configuration list for PBXProject "GRMustache-crash" */;
			compatibilityVersion = "Xcode 3.2";
			developmentRegion = English;
			hasScannedForEncodings = 0;
			knownRegions = (
				en,
			);
			mainGroup = DA995364151B7BB70061CEB0;
			projectDirPath = "";
			projectRoot = "";
			targets = (
			);
		};
/* End PBXProject section */

/* Begin XCBuildConfiguration section */
		DA99536B151B7BB70061CEB0 /* Debug */ = {
			isa = XCBuildConfiguration;
			buildSettings = {
			};
			name = Debug;
		};
		DA99536C151B7BB70061CEB0 /* Release */ = {
			isa = XCBuildConfiguration;
			buildSettings = {
			};
			name = Release;
		};
/* End XCBuildConfiguration section */

/* Begin XCConfigurationList section */
		DA995369151B7BB70061CEB0 /* Build configuration list for PBXProject "GRMustache-crash" */ = {
			isa = XCConfigurationList;
			buildConfigurations = (
				DA99536B151B7BB70061CEB0 /* Debug */,
				DA99536C151B7BB70061CEB0 /* Release */,
			);
			defaultConfigurationIsVisible = 0;
			defaultConfigurationName = Release;
		};
/* End XCConfigurationList section */
	};
	rootObject = DA995366151B7BB70061CEB0 /* Project object */;
}
